
Microsoft Visual Studio Solution File, Format Version 12.00
# Visual Studio Version 16
VisualStudioVersion = 16.0.31112.23
MinimumVisualStudioVersion = 10.0.40219.1
Project("{9A19103F-16F7-4668-BE54-9A1E7A4F7556}") = "WPFApp1", "WPFApp1\WPFApp1.csproj", "{1E22B5BB-34E7-44C2-91CC-4F2F01D8671D}"
EndProject
Project("{9A19103F-16F7-4668-BE54-9A1E7A4F7556}") = "WinFormsApp1", "WinFormsApp1\WinFormsApp1.csproj", "{58E71476-1B23-4987-999C-FC97A378A96A}"
EndProject
Project("{9A19103F-16F7-4668-BE54-9A1E7A4F7556}") = "SharedClassLibrary1", "ClassLibrary1\SharedClassLibrary1.csproj", "{F9DE46BD-1177-41DB-AC5A-C248DD0494CD}"
EndProject
Global
	GlobalSection(SolutionConfigurationPlatforms) = preSolution
		Debug|Any CPU = Debug|Any CPU
		Release|Any CPU = Release|Any CPU
	EndGlobalSection
	GlobalSection(ProjectConfigurationPlatforms) = postSolution
		{1E22B5BB-34E7-44C2-91CC-4F2F01D8671D}.Debug|Any CPU.ActiveCfg = Debug|Any CPU
		{1E22B5BB-34E7-44C2-91CC-4F2F01D8671D}.Debug|Any CPU.Build.0 = Debug|Any CPU
		{1E22B5BB-34E7-44C2-91CC-4F2F01D8671D}.Release|Any CPU.ActiveCfg = Release|Any CPU
		{1E22B5BB-34E7-44C2-91CC-4F2F01D8671D}.Release|Any CPU.Build.0 = Release|Any CPU
		{58E71476-1B23-4987-999C-FC97A378A96A}.Debug|Any CPU.ActiveCfg = Debug|Any CPU
		{58E71476-1B23-4987-999C-FC97A378A96A}.Debug|Any CPU.Build.0 = Debug|Any CPU
		{58E71476-1B23-4987-999C-FC97A378A96A}.Release|Any CPU.ActiveCfg = Release|Any CPU
		{58E71476-1B23-4987-999C-FC97A378A96A}.Release|Any CPU.Build.0 = Release|Any CPU
		{F9DE46BD-1177-41DB-AC5A-C248DD0494CD}.Debug|Any CPU.ActiveCfg = Debug|Any CPU
		{F9DE46BD-1177-41DB-AC5A-C248DD0494CD}.Debug|Any CPU.Build.0 = Debug|Any CPU
		{F9DE46BD-1177-41DB-AC5A-C248DD0494CD}.Release|Any CPU.ActiveCfg = Release|Any CPU
		{F9DE46BD-1177-41DB-AC5A-C248DD0494CD}.Release|Any CPU.Build.0 = Release|Any CPU
	EndGlobalSection
	GlobalSection(SolutionProperties) = preSolution
		HideSolutionNode = FALSE
	EndGlobalSection
	GlobalSection(ExtensibilityGlobals) = postSolution
		SolutionGuid = {E53AE293-4849-4C6A-9EA8-1C9A10ED80B1}
	EndGlobalSection
EndGlobal
